Microsoft Visual Studio Solution File, Format Version 12.00
# Visual Studio Version 16
VisualStudioVersion = 16.0.29911.84
MinimumVisualStudioVersion = 10.0.40219.1
Project("{FAE04EC0-301F-11D3-BF4B-00C04F79EFBC}") = "ProyectoGRUPO2", "ProyectoGRUPO2\ProyectoGRUPO2.csproj", "{339038D5-E1A8-40EF-8AEB-FB03AFAEF421}"
EndProject
Global
	GlobalSection(SolutionConfigurationPlatforms) = preSolution
		Debug|anycpu = Debug|anycpu
		Release|anycpu = Release|anycpu
	EndGlobalSection
	GlobalSection(ProjectConfigurationPlatforms) = postSolution
		{339038D5-E1A8-40EF-8AEB-FB03AFAEF421}.Debug|anycpu.ActiveCfg = Debug|Any CPU
		{339038D5-E1A8-40EF-8AEB-FB03AFAEF421}.Debug|anycpu.Build.0 = Debug|Any CPU
		{339038D5-E1A8-40EF-8AEB-FB03AFAEF421}.Release|anycpu.ActiveCfg = Release|Any CPU
		{339038D5-E1A8-40EF-8AEB-FB03AFAEF421}.Release|anycpu.Build.0 = Release|Any CPU
	EndGlobalSection
	GlobalSection(SolutionProperties) = preSolution
		HideSolutionNode = FALSE
	EndGlobalSection
	GlobalSection(ExtensibilityGlobals) = postSolution
		SolutionGuid = {F5039C1F-E763-4430-9CD8-B850C9118FCD}
	EndGlobalSection
EndGlobal
