
Microsoft Visual Studio Solution File, Format Version 12.00
# Visual Studio 15
Project("{FAE04EC0-301F-11D3-BF4B-00C04F79EFBC}") = "Entrega2Proyecto", "Entrega2Proyecto\Entrega2Proyecto.csproj", "{EC8193C9-FC63-4885-B7E3-34AD0517F948}"
EndProject
Global
	GlobalSection(SolutionConfigurationPlatforms) = preSolution
		Debug|anycpu = Debug|anycpu
		Release|anycpu = Release|anycpu
	EndGlobalSection
	GlobalSection(ProjectConfigurationPlatforms) = postSolution
		{EC8193C9-FC63-4885-B7E3-34AD0517F948}.Debug|anycpu.ActiveCfg = Debug|anycpu
		{EC8193C9-FC63-4885-B7E3-34AD0517F948}.Debug|anycpu.Build.0 = Debug|anycpu
		{EC8193C9-FC63-4885-B7E3-34AD0517F948}.Release|anycpu.ActiveCfg = Release|anycpu
		{EC8193C9-FC63-4885-B7E3-34AD0517F948}.Release|anycpu.Build.0 = Release|anycpu
	EndGlobalSection
EndGlobal
